
Microsoft Visual Studio Solution File, Format Version 12.00
# Visual Studio Version 17
VisualStudioVersion = 17.2.32616.157
MinimumVisualStudioVersion = 10.0.40219.1
Project("{FAE04EC0-301F-11D3-BF4B-00C04F79EFBC}") = "PageRefresh", "PageRefresh.csproj", "{9C771BFF-860A-4B56-AE1E-EF5FB8848A2B}"
EndProject
Global
	GlobalSection(SolutionConfigurationPlatforms) = preSolution
		Debug|Any CPU = Debug|Any CPU
		Release|Any CPU = Release|Any CPU
	EndGlobalSection
	GlobalSection(ProjectConfigurationPlatforms) = postSolution
		{9C771BFF-860A-4B56-AE1E-EF5FB8848A2B}.Debug|Any CPU.ActiveCfg = Debug|Any CPU
		{9C771BFF-860A-4B56-AE1E-EF5FB8848A2B}.Debug|Any CPU.Build.0 = Debug|Any CPU
		{9C771BFF-860A-4B56-AE1E-EF5FB8848A2B}.Release|Any CPU.ActiveCfg = Release|Any CPU
		{9C771BFF-860A-4B56-AE1E-EF5FB8848A2B}.Release|Any CPU.Build.0 = Release|Any CPU
	EndGlobalSection
	GlobalSection(SolutionProperties) = preSolution
		HideSolutionNode = FALSE
	EndGlobalSection
	GlobalSection(ExtensibilityGlobals) = postSolution
		SolutionGuid = {BCFC5021-35C0-4978-8611-FFEF3CE453B5}
	EndGlobalSection
EndGlobal
